
Microsoft Visual Studio Solution File, Format Version 12.00
# Visual Studio 15
VisualStudioVersion = 15.0.27004.2005
MinimumVisualStudioVersion = 10.0.40219.1
Project("{FAE04EC0-301F-11D3-BF4B-00C04F79EFBC}") = "Database", "Database\Database.csproj", "{F2E8460A-D4F0-43D6-96DC-F14C73ED69D3}"
EndProject
Global
	GlobalSection(SolutionConfigurationPlatforms) = preSolution
		Debug|Any CPU = Debug|Any CPU
		Release|Any CPU = Release|Any CPU
	EndGlobalSection
	GlobalSection(ProjectConfigurationPlatforms) = postSolution
		{F2E8460A-D4F0-43D6-96DC-F14C73ED69D3}.Debug|Any CPU.ActiveCfg = Debug|Any CPU
		{F2E8460A-D4F0-43D6-96DC-F14C73ED69D3}.Debug|Any CPU.Build.0 = Debug|Any CPU
		{F2E8460A-D4F0-43D6-96DC-F14C73ED69D3}.Release|Any CPU.ActiveCfg = Release|Any CPU
		{F2E8460A-D4F0-43D6-96DC-F14C73ED69D3}.Release|Any CPU.Build.0 = Release|Any CPU
	EndGlobalSection
	GlobalSection(SolutionProperties) = preSolution
		HideSolutionNode = FALSE
	EndGlobalSection
	GlobalSection(ExtensibilityGlobals) = postSolution
		SolutionGuid = {7090DB1C-9DB4-4F8A-B62C-BE80ABB920A2}
	EndGlobalSection
EndGlobal
